Microsoft Visual Studio Solution File, Format Version 12.00
# Visual Studio Version 17
VisualStudioVersion = 17.5.2.0
MinimumVisualStudioVersion = 10.0.40219.1
Project("{FAE04EC0-301F-11D3-BF4B-00C04F79EFBC}") = "MeuProjeto", "MeuProjeto\MeuProjeto.csproj", "{14D559E5-DE6D-E7E9-CAE1-168745260858}"
EndProject
Project("{2150E333-8FDC-42A3-9474-1A3956D46DE8}") = "ContaBancaria", "ContaBancaria", "{B8891BD9-F2BE-0A42-EEA9-CEC8F2D5BE19}"
EndProject
Project("{FAE04EC0-301F-11D3-BF4B-00C04F79EFBC}") = "ContaBancaria", "ContaBancaria\ContaBancaria\ContaBancaria.csproj", "{CE516C69-7EB1-C99B-C25D-FB4E806A4511}"
EndProject
Global
	GlobalSection(SolutionConfigurationPlatforms) = preSolution
		Debug|Any CPU = Debug|Any CPU
		Release|Any CPU = Release|Any CPU
	EndGlobalSection
	GlobalSection(ProjectConfigurationPlatforms) = postSolution
		{14D559E5-DE6D-E7E9-CAE1-168745260858}.Debug|Any CPU.ActiveCfg = Debug|Any CPU
		{14D559E5-DE6D-E7E9-CAE1-168745260858}.Debug|Any CPU.Build.0 = Debug|Any CPU
		{14D559E5-DE6D-E7E9-CAE1-168745260858}.Release|Any CPU.ActiveCfg = Release|Any CPU
		{14D559E5-DE6D-E7E9-CAE1-168745260858}.Release|Any CPU.Build.0 = Release|Any CPU
		{CE516C69-7EB1-C99B-C25D-FB4E806A4511}.Debug|Any CPU.ActiveCfg = Debug|Any CPU
		{CE516C69-7EB1-C99B-C25D-FB4E806A4511}.Debug|Any CPU.Build.0 = Debug|Any CPU
		{CE516C69-7EB1-C99B-C25D-FB4E806A4511}.Release|Any CPU.ActiveCfg = Release|Any CPU
		{CE516C69-7EB1-C99B-C25D-FB4E806A4511}.Release|Any CPU.Build.0 = Release|Any CPU
	EndGlobalSection
	GlobalSection(SolutionProperties) = preSolution
		HideSolutionNode = FALSE
	EndGlobalSection
	GlobalSection(NestedProjects) = preSolution
		{CE516C69-7EB1-C99B-C25D-FB4E806A4511} = {B8891BD9-F2BE-0A42-EEA9-CEC8F2D5BE19}
	EndGlobalSection
	GlobalSection(ExtensibilityGlobals) = postSolution
		SolutionGuid = {B191741B-7FA9-431E-91E2-D647036F053C}
	EndGlobalSection
EndGlobal
